
Microsoft Visual Studio Solution File, Format Version 11.00
# Visual Studio 2010
Project("{FAE04EC0-301F-11D3-BF4B-00C04F79EFBC}") = "Poster.Tests", "..\Poster.Tests\Poster.Tests.csproj", "{59C07762-1C60-4E54-90F3-E92CB9C336FE}"
EndProject
Project("{FAE04EC0-301F-11D3-BF4B-00C04F79EFBC}") = "Poster", "Poster.csproj", "{C982BBC8-B612-4484-8757-4267DE0B6708}"
EndProject
Global
	GlobalSection(SolutionConfigurationPlatforms) = preSolution
		Debug|Any CPU = Debug|Any CPU
		Release|Any CPU = Release|Any CPU
	EndGlobalSection
	GlobalSection(ProjectConfigurationPlatforms) = postSolution
		{59C07762-1C60-4E54-90F3-E92CB9C336FE}.Debug|Any CPU.ActiveCfg = Debug|Any CPU
		{59C07762-1C60-4E54-90F3-E92CB9C336FE}.Debug|Any CPU.Build.0 = Debug|Any CPU
		{59C07762-1C60-4E54-90F3-E92CB9C336FE}.Release|Any CPU.ActiveCfg = Release|Any CPU
		{59C07762-1C60-4E54-90F3-E92CB9C336FE}.Release|Any CPU.Build.0 = Release|Any CPU
		{C982BBC8-B612-4484-8757-4267DE0B6708}.Debug|Any CPU.ActiveCfg = Debug|Any CPU
		{C982BBC8-B612-4484-8757-4267DE0B6708}.Debug|Any CPU.Build.0 = Debug|Any CPU
		{C982BBC8-B612-4484-8757-4267DE0B6708}.Release|Any CPU.ActiveCfg = Release|Any CPU
		{C982BBC8-B612-4484-8757-4267DE0B6708}.Release|Any CPU.Build.0 = Release|Any CPU
	EndGlobalSection
	GlobalSection(SolutionProperties) = preSolution
		HideSolutionNode = FALSE
	EndGlobalSection
EndGlobal
